// !$*UTF8*$!
{
	archiveVersion = 1;
	classes = {
	};
	objectVersion = 56;
	objects = {

/* Begin PBXBuildFile section */
		A424810E2BD87E05006F8F8E /* RequestController.swift in Sources */ = {isa = PBXBuildFile; fileRef = A424810D2BD87E05006F8F8E /* RequestController.swift */; };
		A4389BEB2BA294AA0092C986 /* RotateButtonView.swift in Sources */ = {isa = PBXBuildFile; fileRef = A4389BEA2BA294AA0092C986 /* RotateButtonView.swift */; };
		A462D4332B9E7D2C0085C7F0 /* talisApp.swift in Sources */ = {isa = PBXBuildFile; fileRef = A462D4322B9E7D2C0085C7F0 /* talisApp.swift */; };
		A462D4352B9E7D2C0085C7F0 /* ContentView.swift in Sources */ = {isa = PBXBuildFile; fileRef = A462D4342B9E7D2C0085C7F0 /* ContentView.swift */; };
		A462D4372B9E7D2D0085C7F0 /* Assets.xcassets in Resources */ = {isa = PBXBuildFile; fileRef = A462D4362B9E7D2D0085C7F0 /* Assets.xcassets */; };
		A462D43A2B9E7D2D0085C7F0 /* Preview Assets.xcassets in Resources */ = {isa = PBXBuildFile; fileRef = A462D4392B9E7D2D0085C7F0 /* Preview Assets.xcassets */; };
		A462D4412B9E7D540085C7F0 /* LocationManager.swift in Sources */ = {isa = PBXBuildFile; fileRef = A462D4402B9E7D540085C7F0 /* LocationManager.swift */; };
		A462D4432B9E7D720085C7F0 /* RollButtonView.swift in Sources */ = {isa = PBXBuildFile; fileRef = A462D4422B9E7D720085C7F0 /* RollButtonView.swift */; };
		A47703352BDF24180069734D /* PriceButtonView.swift in Sources */ = {isa = PBXBuildFile; fileRef = A47703342BDF24180069734D /* PriceButtonView.swift */; };
		A47703372BE59CE70069734D /* DistanceButtonView.swift in Sources */ = {isa = PBXBuildFile; fileRef = A47703362BE59CE70069734D /* DistanceButtonView.swift */; };
/* End PBXBuildFile section */

/* Begin PBXFileReference section */
		A424810C2BD868C1006F8F8E /* Info.plist */ = {isa = PBXFileReference; lastKnownFileType = text.plist; path = Info.plist; sourceTree = "<group>"; };
		A424810D2BD87E05006F8F8E /* RequestController.swift */ = {isa = PBXFileReference; lastKnownFileType = sourcecode.swift; path = RequestController.swift; sourceTree = "<group>"; };
		A4389BEA2BA294AA0092C986 /* RotateButtonView.swift */ = {isa = PBXFileReference; lastKnownFileType = sourcecode.swift; path = RotateButtonView.swift; sourceTree = "<group>"; };
		A462D42F2B9E7D2C0085C7F0 /* talis.app */ = {isa = PBXFileReference; explicitFileType = wrapper.application; includeInIndex = 0; path = talis.app; sourceTree = BUILT_PRODUCTS_DIR; };
		A462D4322B9E7D2C0085C7F0 /* talisApp.swift */ = {isa = PBXFileReference; lastKnownFileType = sourcecode.swift; path = talisApp.swift; sourceTree = "<group>"; };
		A462D4342B9E7D2C0085C7F0 /* ContentView.swift */ = {isa = PBXFileReference; lastKnownFileType = sourcecode.swift; path = ContentView.swift; sourceTree = "<group>"; };
		A462D4362B9E7D2D0085C7F0 /* Assets.xcassets */ = {isa = PBXFileReference; lastKnownFileType = folder.assetcatalog; path = Assets.xcassets; sourceTree = "<group>"; };
		A462D4392B9E7D2D0085C7F0 /* Preview Assets.xcassets */ = {isa = PBXFileReference; lastKnownFileType = folder.assetcatalog; path = "Preview Assets.xcassets"; sourceTree = "<group>"; };
		A462D4402B9E7D540085C7F0 /* LocationManager.swift */ = {isa = PBXFileReference; lastKnownFileType = sourcecode.swift; path = LocationManager.swift; sourceTree = "<group>"; };
		A462D4422B9E7D720085C7F0 /* RollButtonView.swift */ = {isa = PBXFileReference; lastKnownFileType = sourcecode.swift; path = RollButtonView.swift; sourceTree = "<group>"; };
		A47703342BDF24180069734D /* PriceButtonView.swift */ = {isa = PBXFileReference; lastKnownFileType = sourcecode.swift; path = PriceButtonView.swift; sourceTree = "<group>"; };
		A47703362BE59CE70069734D /* DistanceButtonView.swift */ = {isa = PBXFileReference; lastKnownFileType = sourcecode.swift; path = DistanceButtonView.swift; sourceTree = "<group>"; };
		A4DC1F012BA68C96001FAE43 /* salt_lake_city_simulation.gpx */ = {isa = PBXFileReference; lastKnownFileType = text.xml; name = salt_lake_city_simulation.gpx; path = ../../Downloads/salt_lake_city_simulation.gpx; sourceTree = "<group>"; };
/* End PBXFileReference section */

/* Begin PBXFrameworksBuildPhase section */
		A462D42C2B9E7D2C0085C7F0 /* Frameworks */ = {
			isa = PBXFrameworksBuildPhase;
			buildActionMask = 2147483647;
			files = (
			);
			runOnlyForDeploymentPostprocessing = 0;
		};
/* End PBXFrameworksBuildPhase section */

/* Begin PBXGroup section */
		A462D4262B9E7D2C0085C7F0 = {
			isa = PBXGroup;
			children = (
				A4DC1F012BA68C96001FAE43 /* salt_lake_city_simulation.gpx */,
				A462D4312B9E7D2C0085C7F0 /* talis */,
				A462D4302B9E7D2C0085C7F0 /* Products */,
			);
			sourceTree = "<group>";
		};
		A462D4302B9E7D2C0085C7F0 /* Products */ = {
			isa = PBXGroup;
			children = (
				A462D42F2B9E7D2C0085C7F0 /* talis.app */,
			);
			name = Products;
			sourceTree = "<group>";
		};
		A462D4312B9E7D2C0085C7F0 /* talis */ = {
			isa = PBXGroup;
			children = (
				A47703342BDF24180069734D /* PriceButtonView.swift */,
				A424810C2BD868C1006F8F8E /* Info.plist */,
				A462D4322B9E7D2C0085C7F0 /* talisApp.swift */,
				A462D4342B9E7D2C0085C7F0 /* ContentView.swift */,
				A462D4422B9E7D720085C7F0 /* RollButtonView.swift */,
				A462D4402B9E7D540085C7F0 /* LocationManager.swift */,
				A462D4362B9E7D2D0085C7F0 /* Assets.xcassets */,
				A462D4382B9E7D2D0085C7F0 /* Preview Content */,
				A4389BEA2BA294AA0092C986 /* RotateButtonView.swift */,
				A424810D2BD87E05006F8F8E /* RequestController.swift */,
				A47703362BE59CE70069734D /* DistanceButtonView.swift */,
			);
			path = talis;
			sourceTree = "<group>";
		};
		A462D4382B9E7D2D0085C7F0 /* Preview Content */ = {
			isa = PBXGroup;
			children = (
				A462D4392B9E7D2D0085C7F0 /* Preview Assets.xcassets */,
			);
			path = "Preview Content";
			sourceTree = "<group>";
		};
/* End PBXGroup section */

/* Begin PBXNativeTarget section */
		A462D42E2B9E7D2C0085C7F0 /* talis */ = {
			isa = PBXNativeTarget;
			buildConfigurationList = A462D43D2B9E7D2D0085C7F0 /* Build configuration list for PBXNativeTarget "talis" */;
			buildPhases = (
				A462D42B2B9E7D2C0085C7F0 /* Sources */,
				A462D42C2B9E7D2C0085C7F0 /* Frameworks */,
				A462D42D2B9E7D2C0085C7F0 /* Resources */,
			);
			buildRules = (
			);
			dependencies = (
			);
			name = talis;
			productName = talis;
			productReference = A462D42F2B9E7D2C0085C7F0 /* talis.app */;
			productType = "com.apple.product-type.application";
		};
/* End PBXNativeTarget section */

/* Begin PBXProject section */
		A462D4272B9E7D2C0085C7F0 /* Project object */ = {
			isa = PBXProject;
			attributes = {
				BuildIndependentTargetsInParallel = 1;
				LastSwiftUpdateCheck = 1530;
				LastUpgradeCheck = 1530;
				TargetAttributes = {
					A462D42E2B9E7D2C0085C7F0 = {
						CreatedOnToolsVersion = 15.3;
					};
				};
			};
			buildConfigurationList = A462D42A2B9E7D2C0085C7F0 /* Build configuration list for PBXProject "talis" */;
			compatibilityVersion = "Xcode 14.0";
			developmentRegion = en;
			hasScannedForEncodings = 0;
			knownRegions = (
				en,
				Base,
			);
			mainGroup = A462D4262B9E7D2C0085C7F0;
			productRefGroup = A462D4302B9E7D2C0085C7F0 /* Products */;
			projectDirPath = "";
			projectRoot = "";
			targets = (
				A462D42E2B9E7D2C0085C7F0 /* talis */,
			);
		};
/* End PBXProject section */

/* Begin PBXResourcesBuildPhase section */
		A462D42D2B9E7D2C0085C7F0 /* Resources */ = {
			isa = PBXResourcesBuildPhase;
			buildActionMask = 2147483647;
			files = (
				A462D43A2B9E7D2D0085C7F0 /* Preview Assets.xcassets in Resources */,
				A462D4372B9E7D2D0085C7F0 /* Assets.xcassets in Resources */,
			);
			runOnlyForDeploymentPostprocessing = 0;
		};
/* End PBXResourcesBuildPhase section */

/* Begin PBXSourcesBuildPhase section */
		A462D42B2B9E7D2C0085C7F0 /* Sources */ = {
			isa = PBXSourcesBuildPhase;
			buildActionMask = 2147483647;
			files = (
				A462D4352B9E7D2C0085C7F0 /* ContentView.swift in Sources */,
				A462D4332B9E7D2C0085C7F0 /* talisApp.swift in Sources */,
				A462D4412B9E7D540085C7F0 /* LocationManager.swift in Sources */,
				A424810E2BD87E05006F8F8E /* RequestController.swift in Sources */,
				A47703352BDF24180069734D /* PriceButtonView.swift in Sources */,
				A47703372BE59CE70069734D /* DistanceButtonView.swift in Sources */,
				A4389BEB2BA294AA0092C986 /* RotateButtonView.swift in Sources */,
				A462D4432B9E7D720085C7F0 /* RollButtonView.swift in Sources */,
			);
			runOnlyForDeploymentPostprocessing = 0;
		};
/* End PBXSourcesBuildPhase section */

/* Begin XCBuildConfiguration section */
		A462D43B2B9E7D2D0085C7F0 /* Debug */ = {
			isa = XCBuildConfiguration;
			buildSettings = {
				ALWAYS_SEARCH_USER_PATHS = NO;
				ASSETCATALOG_COMPILER_GENERATE_SWIFT_ASSET_SYMBOL_EXTENSIONS = YES;
				CLANG_ANALYZER_NONNULL = YES;
				CLANG_ANALYZER_NUMBER_OBJECT_CONVERSION = YES_AGGRESSIVE;
				CLANG_CXX_LANGUAGE_STANDARD = "gnu++20";
				CLANG_ENABLE_MODULES = YES;
				CLANG_ENABLE_OBJC_ARC = YES;
				CLANG_ENABLE_OBJC_WEAK = YES;
				CLANG_WARN_BLOCK_CAPTURE_AUTORELEASING = YES;
				CLANG_WARN_BOOL_CONVERSION = YES;
				CLANG_WARN_COMMA = YES;
				CLANG_WARN_CONSTANT_CONVERSION = YES;
				CLANG_WARN_DEPRECATED_OBJC_IMPLEMENTATIONS = YES;
				CLANG_WARN_DIRECT_OBJC_ISA_USAGE = YES_ERROR;
				CLANG_WARN_DOCUMENTATION_COMMENTS = YES;
				CLANG_WARN_EMPTY_BODY = YES;
				CLANG_WARN_ENUM_CONVERSION = YES;
				CLANG_WARN_INFINITE_RECURSION = YES;
				CLANG_WARN_INT_CONVERSION = YES;
				CLANG_WARN_NON_LITERAL_NULL_CONVERSION = YES;
				CLANG_WARN_OBJC_IMPLICIT_RETAIN_SELF = YES;
				CLANG_WARN_OBJC_LITERAL_CONVERSION = YES;
				CLANG_WARN_OBJC_ROOT_CLASS = YES_ERROR;
				CLANG_WARN_QUOTED_INCLUDE_IN_FRAMEWORK_HEADER = YES;
				CLANG_WARN_RANGE_LOOP_ANALYSIS = YES;
				CLANG_WARN_STRICT_PROTOTYPES = YES;
				CLANG_WARN_SUSPICIOUS_MOVE = YES;
				CLANG_WARN_UNGUARDED_AVAILABILITY = YES_AGGRESSIVE;
				CLANG_WARN_UNREACHABLE_CODE = YES;
				CLANG_WARN__DUPLICATE_METHOD_MATCH = YES;
				COPY_PHASE_STRIP = NO;
				DEBUG_INFORMATION_FORMAT = dwarf;
				ENABLE_STRICT_OBJC_MSGSEND = YES;
				ENABLE_TESTABILITY = YES;
				ENABLE_USER_SCRIPT_SANDBOXING = YES;
				GCC_C_LANGUAGE_STANDARD = gnu17;
				GCC_DYNAMIC_NO_PIC = NO;
				GCC_NO_COMMON_BLOCKS = YES;
				GCC_OPTIMIZATION_LEVEL = 0;
				GCC_PREPROCESSOR_DEFINITIONS = (
					"DEBUG=1",
					"$(inherited)",
				);
				GCC_WARN_64_TO_32_BIT_CONVERSION = YES;
				GCC_WARN_ABOUT_RETURN_TYPE = YES_ERROR;
				GCC_WARN_UNDECLARED_SELECTOR = YES;
				GCC_WARN_UNINITIALIZED_AUTOS = YES_AGGRESSIVE;
				GCC_WARN_UNUSED_FUNCTION = YES;
				GCC_WARN_UNUSED_VARIABLE = YES;
				IPHONEOS_DEPLOYMENT_TARGET = 17.4;
				LOCALIZATION_PREFERS_STRING_CATALOGS = YES;
				MTL_ENABLE_DEBUG_INFO = INCLUDE_SOURCE;
				MTL_FAST_MATH = YES;
				ONLY_ACTIVE_ARCH = YES;
				SDKROOT = iphoneos;
				SWIFT_ACTIVE_COMPILATION_CONDITIONS = "DEBUG $(inherited)";
				SWIFT_OPTIMIZATION_LEVEL = "-Onone";
			};
			name = Debug;
		};
		A462D43C2B9E7D2D0085C7F0 /* Release */ = {
			isa = XCBuildConfiguration;
			buildSettings = {
				ALWAYS_SEARCH_USER_PATHS = NO;
				ASSETCATALOG_COMPILER_GENERATE_SWIFT_ASSET_SYMBOL_EXTENSIONS = YES;
				CLANG_ANALYZER_NONNULL = YES;
				CLANG_ANALYZER_NUMBER_OBJECT_CONVERSION = YES_AGGRESSIVE;
				CLANG_CXX_LANGUAGE_STANDARD = "gnu++20";
				CLANG_ENABLE_MODULES = YES;
				CLANG_ENABLE_OBJC_ARC = YES;
				CLANG_ENABLE_OBJC_WEAK = YES;
				CLANG_WARN_BLOCK_CAPTURE_AUTORELEASING = YES;
				CLANG_WARN_BOOL_CONVERSION = YES;
				CLANG_WARN_COMMA = YES;
				CLANG_WARN_CONSTANT_CONVERSION = YES;
				CLANG_WARN_DEPRECATED_OBJC_IMPLEMENTATIONS = YES;
				CLANG_WARN_DIRECT_OBJC_ISA_USAGE = YES_ERROR;
				CLANG_WARN_DOCUMENTATION_COMMENTS = YES;
				CLANG_WARN_EMPTY_BODY = YES;
				CLANG_WARN_ENUM_CONVERSION = YES;
				CLANG_WARN_INFINITE_RECURSION = YES;
				CLANG_WARN_INT_CONVERSION = YES;
				CLANG_WARN_NON_LITERAL_NULL_CONVERSION = YES;
				CLANG_WARN_OBJC_IMPLICIT_RETAIN_SELF = YES;
				CLANG_WARN_OBJC_LITERAL_CONVERSION = YES;
				CLANG_WARN_OBJC_ROOT_CLASS = YES_ERROR;
				CLANG_WARN_QUOTED_INCLUDE_IN_FRAMEWORK_HEADER = YES;
				CLANG_WARN_RANGE_LOOP_ANALYSIS = YES;
				CLANG_WARN_STRICT_PROTOTYPES = YES;
				CLANG_WARN_SUSPICIOUS_MOVE = YES;
				CLANG_WARN_UNGUARDED_AVAILABILITY = YES_AGGRESSIVE;
				CLANG_WARN_UNREACHABLE_CODE = YES;
				CLANG_WARN__DUPLICATE_METHOD_MATCH = YES;
				COPY_PHASE_STRIP = NO;
				DEBUG_INFORMATION_FORMAT = "dwarf-with-dsym";
				ENABLE_NS_ASSERTIONS = NO;
				ENABLE_STRICT_OBJC_MSGSEND = YES;
				ENABLE_USER_SCRIPT_SANDBOXING = YES;
				GCC_C_LANGUAGE_STANDARD = gnu17;
				GCC_NO_COMMON_BLOCKS = YES;
				GCC_WARN_64_TO_32_BIT_CONVERSION = YES;
				GCC_WARN_ABOUT_RETURN_TYPE = YES_ERROR;
				GCC_WARN_UNDECLARED_SELECTOR = YES;
				GCC_WARN_UNINITIALIZED_AUTOS = YES_AGGRESSIVE;
				GCC_WARN_UNUSED_FUNCTION = YES;
				GCC_WARN_UNUSED_VARIABLE = YES;
				IPHONEOS_DEPLOYMENT_TARGET = 17.4;
				LOCALIZATION_PREFERS_STRING_CATALOGS = YES;
				MTL_ENABLE_DEBUG_INFO = NO;
				MTL_FAST_MATH = YES;
				SDKROOT = iphoneos;
				SWIFT_COMPILATION_MODE = wholemodule;
				VALIDATE_PRODUCT = YES;
			};
			name = Release;
		};
		A462D43E2B9E7D2D0085C7F0 /* Debug */ = {
			isa = XCBuildConfiguration;
			buildSettings = {
				ASSETCATALOG_COMPILER_APPICON_NAME = AppIcon;
				ASSETCATALOG_COMPILER_GLOBAL_ACCENT_COLOR_NAME = AccentColor;
				CODE_SIGN_STYLE = Automatic;
				CURRENT_PROJECT_VERSION = 1;
				DEVELOPMENT_ASSET_PATHS = "\"talis/Preview Content\"";
				DEVELOPMENT_TEAM = 3X225285TY;
				ENABLE_PREVIEWS = YES;
				GENERATE_INFOPLIST_FILE = YES;
				INFOPLIST_FILE = talis/Info.plist;
				INFOPLIST_KEY_NSLocationWhenInUseUsageDescription = "Talis needs location services.";
				INFOPLIST_KEY_UIApplicationSceneManifest_Generation = YES;
				INFOPLIST_KEY_UIApplicationSupportsIndirectInputEvents = YES;
				INFOPLIST_KEY_UILaunchScreen_Generation = YES;
				INFOPLIST_KEY_UISupportedInterfaceOrientations_iPad = "UIInterfaceOrientationPortrait UIInterfaceOrientationPortraitUpsideDown UIInterfaceOrientationLandscapeLeft UIInterfaceOrientationLandscapeRight";
				INFOPLIST_KEY_UISupportedInterfaceOrientations_iPhone = "UIInterfaceOrientationPortrait UIInterfaceOrientationLandscapeLeft UIInterfaceOrientationLandscapeRight";
				LD_RUNPATH_SEARCH_PATHS = (
					"$(inherited)",
					"@executable_path/Frameworks",
				);
				MARKETING_VERSION = 1.0;
				PRODUCT_BUNDLE_IDENTIFIER = io.act.talis;
				PRODUCT_NAME = "$(TARGET_NAME)";
				SWIFT_EMIT_LOC_STRINGS = YES;
				SWIFT_VERSION = 5.0;
				TARGETED_DEVICE_FAMILY = "1,2";
			};
			name = Debug;
		};
		A462D43F2B9E7D2D0085C7F0 /* Release */ = {
			isa = XCBuildConfiguration;
			buildSettings = {
				ASSETCATALOG_COMPILER_APPICON_NAME = AppIcon;
				ASSETCATALOG_COMPILER_GLOBAL_ACCENT_COLOR_NAME = AccentColor;
				CODE_SIGN_STYLE = Automatic;
				CURRENT_PROJECT_VERSION = 1;
				DEVELOPMENT_ASSET_PATHS = "\"talis/Preview Content\"";
				DEVELOPMENT_TEAM = 3X225285TY;
				ENABLE_PREVIEWS = YES;
				GENERATE_INFOPLIST_FILE = YES;
				INFOPLIST_FILE = talis/Info.plist;
				INFOPLIST_KEY_NSLocationWhenInUseUsageDescription = "Talis needs location services.";
				INFOPLIST_KEY_UIApplicationSceneManifest_Generation = YES;
				INFOPLIST_KEY_UIApplicationSupportsIndirectInputEvents = YES;
				INFOPLIST_KEY_UILaunchScreen_Generation = YES;
				INFOPLIST_KEY_UISupportedInterfaceOrientations_iPad = "UIInterfaceOrientationPortrait UIInterfaceOrientationPortraitUpsideDown UIInterfaceOrientationLandscapeLeft UIInterfaceOrientationLandscapeRight";
				INFOPLIST_KEY_UISupportedInterfaceOrientations_iPhone = "UIInterfaceOrientationPortrait UIInterfaceOrientationLandscapeLeft UIInterfaceOrientationLandscapeRight";
				LD_RUNPATH_SEARCH_PATHS = (
					"$(inherited)",
					"@executable_path/Frameworks",
				);
				MARKETING_VERSION = 1.0;
				PRODUCT_BUNDLE_IDENTIFIER = io.act.talis;
				PRODUCT_NAME = "$(TARGET_NAME)";
				SWIFT_EMIT_LOC_STRINGS = YES;
				SWIFT_VERSION = 5.0;
				TARGETED_DEVICE_FAMILY = "1,2";
			};
			name = Release;
		};
/* End XCBuildConfiguration section */

/* Begin XCConfigurationList section */
		A462D42A2B9E7D2C0085C7F0 /* Build configuration list for PBXProject "talis" */ = {
			isa = XCConfigurationList;
			buildConfigurations = (
				A462D43B2B9E7D2D0085C7F0 /* Debug */,
				A462D43C2B9E7D2D0085C7F0 /* Release */,
			);
			defaultConfigurationIsVisible = 0;
			defaultConfigurationName = Release;
		};
		A462D43D2B9E7D2D0085C7F0 /* Build configuration list for PBXNativeTarget "talis" */ = {
			isa = XCConfigurationList;
			buildConfigurations = (
				A462D43E2B9E7D2D0085C7F0 /* Debug */,
				A462D43F2B9E7D2D0085C7F0 /* Release */,
			);
			defaultConfigurationIsVisible = 0;
			defaultConfigurationName = Release;
		};
/* End XCConfigurationList section */
	};
	rootObject = A462D4272B9E7D2C0085C7F0 /* Project object */;
}
